// !$*UTF8*$!
{
	archiveVersion = 1;
	classes = {
	};
	objectVersion = 45;
	objects = {

/* Begin PBXBuildFile section */
		1D3623260D0F684500981E51 /* JustBreatheNewAppDelegate.m in Sources */ = {isa = PBXBuildFile; fileRef = 1D3623250D0F684500981E51 /* JustBreatheNewAppDelegate.m */; };
		1D60589B0D05DD56006BFB54 /* main.m in Sources */ = {isa = PBXBuildFile; fileRef = 29B97316FDCFA39411CA2CEA /* main.m */; };
		1D60589F0D05DD5A006BFB54 /* Foundation.framework in Frameworks */ = {isa = PBXBuildFile; fileRef = 1D30AB110D05D00D00671497 /* Foundation.framework */; };
		1DF5F4E00D08C38300B7A737 /* UIKit.framework in Frameworks */ = {isa = PBXBuildFile; fileRef = 1DF5F4DF0D08C38300B7A737 /* UIKit.framework */; };
		288765FD0DF74451002DB57D /* CoreGraphics.framework in Frameworks */ = {isa = PBXBuildFile; fileRef = 288765FC0DF74451002DB57D /* CoreGraphics.framework */; };
		28AD733F0D9D9553002E5188 /* MainWindow.xib in Resources */ = {isa = PBXBuildFile; fileRef = 28AD733E0D9D9553002E5188 /* MainWindow.xib */; };
		91281F860FDECB8B00D06F09 /* JustBreatheViewController.m in Sources */ = {isa = PBXBuildFile; fileRef = 91281F850FDECB8B00D06F09 /* JustBreatheViewController.m */; };
		91281F8C0FDECC3200D06F09 /* BreatheView.xib in Resources */ = {isa = PBXBuildFile; fileRef = 91281F8B0FDECC3200D06F09 /* BreatheView.xib */; };
		91281FA30FDECC4F00D06F09 /* breathe_background_plain.jpg in Resources */ = {isa = PBXBuildFile; fileRef = 91281F8E0FDECC4F00D06F09 /* breathe_background_plain.jpg */; };
		91281FA40FDECC4F00D06F09 /* breathe_background_step1.png in Resources */ = {isa = PBXBuildFile; fileRef = 91281F8F0FDECC4F00D06F09 /* breathe_background_step1.png */; };
		91281FA50FDECC4F00D06F09 /* breathe_background_step1.jpg in Resources */ = {isa = PBXBuildFile; fileRef = 91281F900FDECC4F00D06F09 /* breathe_background_step1.jpg */; };
		91281FA60FDECC4F00D06F09 /* breathe_background_step2.jpg in Resources */ = {isa = PBXBuildFile; fileRef = 91281F910FDECC4F00D06F09 /* breathe_background_step2.jpg */; };
		91281FA70FDECC4F00D06F09 /* breathe_background_step3.jpg in Resources */ = {isa = PBXBuildFile; fileRef = 91281F920FDECC4F00D06F09 /* breathe_background_step3.jpg */; };
		91281FA80FDECC4F00D06F09 /* breathe_background_step4.jpg in Resources */ = {isa = PBXBuildFile; fileRef = 91281F930FDECC4F00D06F09 /* breathe_background_step4.jpg */; };
		91281FA90FDECC4F00D06F09 /* breathe_background_step5.jpg in Resources */ = {isa = PBXBuildFile; fileRef = 91281F940FDECC4F00D06F09 /* breathe_background_step5.jpg */; };
		91281FAA0FDECC4F00D06F09 /* breathe_background_step6.jpg in Resources */ = {isa = PBXBuildFile; fileRef = 91281F950FDECC4F00D06F09 /* breathe_background_step6.jpg */; };
		91281FAB0FDECC4F00D06F09 /* breathe_background_step7.jpg in Resources */ = {isa = PBXBuildFile; fileRef = 91281F960FDECC4F00D06F09 /* breathe_background_step7.jpg */; };
		91281FAC0FDECC4F00D06F09 /* breathe_background_step8.jpg in Resources */ = {isa = PBXBuildFile; fileRef = 91281F970FDECC4F00D06F09 /* breathe_background_step8.jpg */; };
		91281FAD0FDECC4F00D06F09 /* breathe_background_step9.jpg in Resources */ = {isa = PBXBuildFile; fileRef = 91281F980FDECC4F00D06F09 /* breathe_background_step9.jpg */; };
		91281FAE0FDECC4F00D06F09 /* breathe_background_step10.jpg in Resources */ = {isa = PBXBuildFile; fileRef = 91281F990FDECC4F00D06F09 /* breathe_background_step10.jpg */; };
		91281FAF0FDECC4F00D06F09 /* breathe_background_step11.jpg in Resources */ = {isa = PBXBuildFile; fileRef = 91281F9A0FDECC4F00D06F09 /* breathe_background_step11.jpg */; };
		91281FB00FDECC4F00D06F09 /* breathe_background_step12.jpg in Resources */ = {isa = PBXBuildFile; fileRef = 91281F9B0FDECC4F00D06F09 /* breathe_background_step12.jpg */; };
		91281FB10FDECC4F00D06F09 /* breathe_background_step13.jpg in Resources */ = {isa = PBXBuildFile; fileRef = 91281F9C0FDECC4F00D06F09 /* breathe_background_step13.jpg */; };
		91281FB20FDECC4F00D06F09 /* breathe_background_step14.jpg in Resources */ = {isa = PBXBuildFile; fileRef = 91281F9D0FDECC4F00D06F09 /* breathe_background_step14.jpg */; };
		91281FB30FDECC4F00D06F09 /* breathe_background_step15.jpg in Resources */ = {isa = PBXBuildFile; fileRef = 91281F9E0FDECC4F00D06F09 /* breathe_background_step15.jpg */; };
		91281FB40FDECC4F00D06F09 /* breathe_background_step16.jpg in Resources */ = {isa = PBXBuildFile; fileRef = 91281F9F0FDECC4F00D06F09 /* breathe_background_step16.jpg */; };
		91281FB50FDECC4F00D06F09 /* breathe_background_step17.jpg in Resources */ = {isa = PBXBuildFile; fileRef = 91281FA00FDECC4F00D06F09 /* breathe_background_step17.jpg */; };
		91281FB60FDECC4F00D06F09 /* breathe_background_step18.jpg in Resources */ = {isa = PBXBuildFile; fileRef = 91281FA10FDECC4F00D06F09 /* breathe_background_step18.jpg */; };
		91281FB70FDECC4F00D06F09 /* breathe_background_step19.jpg in Resources */ = {isa = PBXBuildFile; fileRef = 91281FA20FDECC4F00D06F09 /* breathe_background_step19.jpg */; };
		912E75B90FE6ED0E00F22D46 /* breathe_background_with_frame2.jpg in Resources */ = {isa = PBXBuildFile; fileRef = 912E75B80FE6ED0E00F22D46 /* breathe_background_with_frame2.jpg */; };
		91EF497F0FE7D67300F8D6CD /* icon.png in Resources */ = {isa = PBXBuildFile; fileRef = 91EF497E0FE7D67300F8D6CD /* icon.png */; };
		91FB25A10FE1498600575950 /* TipViewController.m in Sources */ = {isa = PBXBuildFile; fileRef = 91FB25A00FE1498600575950 /* TipViewController.m */; };
		91FB25A30FE1499800575950 /* TipView.xib in Resources */ = {isa = PBXBuildFile; fileRef = 91FB25A20FE1499800575950 /* TipView.xib */; };
		91FB25A50FE149A900575950 /* JustBreatheViewController.xib in Resources */ = {isa = PBXBuildFile; fileRef = 91FB25A40FE149A900575950 /* JustBreatheViewController.xib */; };
		91FB261A0FE14D6200575950 /* stats.plist in Resources */ = {isa = PBXBuildFile; fileRef = 91FB26190FE14D6200575950 /* stats.plist */; };
		91FB261E0FE14D7000575950 /* tip_close.png in Resources */ = {isa = PBXBuildFile; fileRef = 91FB261B0FE14D7000575950 /* tip_close.png */; };
		91FB261F0FE14D7000575950 /* tip_dont_show.png in Resources */ = {isa = PBXBuildFile; fileRef = 91FB261C0FE14D7000575950 /* tip_dont_show.png */; };
		91FB26200FE14D7000575950 /* tip_view_bar.png in Resources */ = {isa = PBXBuildFile; fileRef = 91FB261D0FE14D7000575950 /* tip_view_bar.png */; };
/* End PBXBuildFile section */

/* Begin PBXFileReference section */
		1D30AB110D05D00D00671497 /* Foundation.framework */ = {isa = PBXFileReference; lastKnownFileType = wrapper.framework; name = Foundation.framework; path = System/Library/Frameworks/Foundation.framework; sourceTree = SDKROOT; };
		1D3623240D0F684500981E51 /* JustBreatheNewAppDelegate.h */ = {isa = PBXFileReference; fileEncoding = 4; lastKnownFileType = sourcecode.c.h; path = JustBreatheNewAppDelegate.h; sourceTree = "<group>"; };
		1D3623250D0F684500981E51 /* JustBreatheNewAppDelegate.m */ = {isa = PBXFileReference; fileEncoding = 4; lastKnownFileType = sourcecode.c.objc; path = JustBreatheNewAppDelegate.m; sourceTree = "<group>"; };
		1D6058910D05DD3D006BFB54 /* JustBreatheNew.app */ = {isa = PBXFileReference; explicitFileType = wrapper.application; includeInIndex = 0; path = JustBreatheNew.app; sourceTree = BUILT_PRODUCTS_DIR; };
		1DF5F4DF0D08C38300B7A737 /* UIKit.framework */ = {isa = PBXFileReference; lastKnownFileType = wrapper.framework; name = UIKit.framework; path = System/Library/Frameworks/UIKit.framework; sourceTree = SDKROOT; };
		288765FC0DF74451002DB57D /* CoreGraphics.framework */ = {isa = PBXFileReference; lastKnownFileType = wrapper.framework; name = CoreGraphics.framework; path = System/Library/Frameworks/CoreGraphics.framework; sourceTree = SDKROOT; };
		28AD733E0D9D9553002E5188 /* MainWindow.xib */ = {isa = PBXFileReference; lastKnownFileType = file.xib; path = MainWindow.xib; sourceTree = "<group>"; };
		29B97316FDCFA39411CA2CEA /* main.m */ = {isa = PBXFileReference; fileEncoding = 4; lastKnownFileType = sourcecode.c.objc; path = main.m; sourceTree = "<group>"; };
		32CA4F630368D1EE00C91783 /* JustBreatheNew_Prefix.pch */ = {isa = PBXFileReference; fileEncoding = 4; lastKnownFileType = sourcecode.c.h; path = JustBreatheNew_Prefix.pch; sourceTree = "<group>"; };
		8D1107310486CEB800E47090 /* Info.plist */ = {isa = PBXFileReference; fileEncoding = 4; lastKnownFileType = text.plist.xml; path = Info.plist; sourceTree = "<group>"; };
		91281F840FDECB8B00D06F09 /* JustBreatheViewController.h */ = {isa = PBXFileReference; fileEncoding = 4; lastKnownFileType = sourcecode.c.h; path = JustBreatheViewController.h; sourceTree = "<group>"; };
		91281F850FDECB8B00D06F09 /* JustBreatheViewController.m */ = {isa = PBXFileReference; fileEncoding = 4; lastKnownFileType = sourcecode.c.objc; path = JustBreatheViewController.m; sourceTree = "<group>"; };
		91281F8B0FDECC3200D06F09 /* BreatheView.xib */ = {isa = PBXFileReference; lastKnownFileType = file.xib; path = BreatheView.xib; sourceTree = "<group>"; };
		91281F8E0FDECC4F00D06F09 /* breathe_background_plain.jpg */ = {isa = PBXFileReference; lastKnownFileType = image.jpeg; path = breathe_background_plain.jpg; sourceTree = "<group>"; };
		91281F8F0FDECC4F00D06F09 /* breathe_background_step1.png */ = {isa = PBXFileReference; lastKnownFileType = image.png; path = breathe_background_step1.png; sourceTree = "<group>"; };
		91281F900FDECC4F00D06F09 /* breathe_background_step1.jpg */ = {isa = PBXFileReference; lastKnownFileType = image.jpeg; path = breathe_background_step1.jpg; sourceTree = "<group>"; };
		91281F910FDECC4F00D06F09 /* breathe_background_step2.jpg */ = {isa = PBXFileReference; lastKnownFileType = image.jpeg; path = breathe_background_step2.jpg; sourceTree = "<group>"; };
		91281F920FDECC4F00D06F09 /* breathe_background_step3.jpg */ = {isa = PBXFileReference; lastKnownFileType = image.jpeg; path = breathe_background_step3.jpg; sourceTree = "<group>"; };
		91281F930FDECC4F00D06F09 /* breathe_background_step4.jpg */ = {isa = PBXFileReference; lastKnownFileType = image.jpeg; path = breathe_background_step4.jpg; sourceTree = "<group>"; };
		91281F940FDECC4F00D06F09 /* breathe_background_step5.jpg */ = {isa = PBXFileReference; lastKnownFileType = image.jpeg; path = breathe_background_step5.jpg; sourceTree = "<group>"; };
		91281F950FDECC4F00D06F09 /* breathe_background_step6.jpg */ = {isa = PBXFileReference; lastKnownFileType = image.jpeg; path = breathe_background_step6.jpg; sourceTree = "<group>"; };
		91281F960FDECC4F00D06F09 /* breathe_background_step7.jpg */ = {isa = PBXFileReference; lastKnownFileType = image.jpeg; path = breathe_background_step7.jpg; sourceTree = "<group>"; };
		91281F970FDECC4F00D06F09 /* breathe_background_step8.jpg */ = {isa = PBXFileReference; lastKnownFileType = image.jpeg; path = breathe_background_step8.jpg; sourceTree = "<group>"; };
		91281F980FDECC4F00D06F09 /* breathe_background_step9.jpg */ = {isa = PBXFileReference; lastKnownFileType = image.jpeg; path = breathe_background_step9.jpg; sourceTree = "<group>"; };
		91281F990FDECC4F00D06F09 /* breathe_background_step10.jpg */ = {isa = PBXFileReference; lastKnownFileType = image.jpeg; path = breathe_background_step10.jpg; sourceTree = "<group>"; };
		91281F9A0FDECC4F00D06F09 /* breathe_background_step11.jpg */ = {isa = PBXFileReference; lastKnownFileType = image.jpeg; path = breathe_background_step11.jpg; sourceTree = "<group>"; };
		91281F9B0FDECC4F00D06F09 /* breathe_background_step12.jpg */ = {isa = PBXFileReference; lastKnownFileType = image.jpeg; path = breathe_background_step12.jpg; sourceTree = "<group>"; };
		91281F9C0FDECC4F00D06F09 /* breathe_background_step13.jpg */ = {isa = PBXFileReference; lastKnownFileType = image.jpeg; path = breathe_background_step13.jpg; sourceTree = "<group>"; };
		91281F9D0FDECC4F00D06F09 /* breathe_background_step14.jpg */ = {isa = PBXFileReference; lastKnownFileType = image.jpeg; path = breathe_background_step14.jpg; sourceTree = "<group>"; };
		91281F9E0FDECC4F00D06F09 /* breathe_background_step15.jpg */ = {isa = PBXFileReference; lastKnownFileType = image.jpeg; path = breathe_background_step15.jpg; sourceTree = "<group>"; };
		91281F9F0FDECC4F00D06F09 /* breathe_background_step16.jpg */ = {isa = PBXFileReference; lastKnownFileType = image.jpeg; path = breathe_background_step16.jpg; sourceTree = "<group>"; };
		91281FA00FDECC4F00D06F09 /* breathe_background_step17.jpg */ = {isa = PBXFileReference; lastKnownFileType = image.jpeg; path = breathe_background_step17.jpg; sourceTree = "<group>"; };
		91281FA10FDECC4F00D06F09 /* breathe_background_step18.jpg */ = {isa = PBXFileReference; lastKnownFileType = image.jpeg; path = breathe_background_step18.jpg; sourceTree = "<group>"; };
		91281FA20FDECC4F00D06F09 /* breathe_background_step19.jpg */ = {isa = PBXFileReference; lastKnownFileType = image.jpeg; path = breathe_background_step19.jpg; sourceTree = "<group>"; };
		912E75B80FE6ED0E00F22D46 /* breathe_background_with_frame2.jpg */ = {isa = PBXFileReference; lastKnownFileType = image.jpeg; name = breathe_background_with_frame2.jpg; path = ../JustBreathe1/breathe_background_with_frame2.jpg; sourceTree = "<group>"; };
		91EF497E0FE7D67300F8D6CD /* icon.png */ = {isa = PBXFileReference; lastKnownFileType = image.png; path = icon.png; sourceTree = "<group>"; };
		91FB259F0FE1498600575950 /* TipViewController.h */ = {isa = PBXFileReference; fileEncoding = 4; lastKnownFileType = sourcecode.c.h; path = TipViewController.h; sourceTree = "<group>"; };
		91FB25A00FE1498600575950 /* TipViewController.m */ = {isa = PBXFileReference; fileEncoding = 4; lastKnownFileType = sourcecode.c.objc; path = TipViewController.m; sourceTree = "<group>"; };
		91FB25A20FE1499800575950 /* TipView.xib */ = {isa = PBXFileReference; lastKnownFileType = file.xib; path = TipView.xib; sourceTree = "<group>"; };
		91FB25A40FE149A900575950 /* JustBreatheViewController.xib */ = {isa = PBXFileReference; lastKnownFileType = file.xib; path = JustBreatheViewController.xib; sourceTree = "<group>"; };
		91FB26190FE14D6200575950 /* stats.plist */ = {isa = PBXFileReference; fileEncoding = 4; lastKnownFileType = text.plist.xml; path = stats.plist; sourceTree = "<group>"; };
		91FB261B0FE14D7000575950 /* tip_close.png */ = {isa = PBXFileReference; lastKnownFileType = image.png; path = tip_close.png; sourceTree = "<group>"; };
		91FB261C0FE14D7000575950 /* tip_dont_show.png */ = {isa = PBXFileReference; lastKnownFileType = image.png; path = tip_dont_show.png; sourceTree = "<group>"; };
		91FB261D0FE14D7000575950 /* tip_view_bar.png */ = {isa = PBXFileReference; lastKnownFileType = image.png; path = tip_view_bar.png; sourceTree = "<group>"; };
/* End PBXFileReference section */

/* Begin PBXFrameworksBuildPhase section */
		1D60588F0D05DD3D006BFB54 /* Frameworks */ = {
			isa = PBXFrameworksBuildPhase;
			buildActionMask = 2147483647;
			files = (
				1D60589F0D05DD5A006BFB54 /* Foundation.framework in Frameworks */,
				1DF5F4E00D08C38300B7A737 /* UIKit.framework in Frameworks */,
				288765FD0DF74451002DB57D /* CoreGraphics.framework in Frameworks */,
			);
			runOnlyForDeploymentPostprocessing = 0;
		};
/* End PBXFrameworksBuildPhase section */

/* Begin PBXGroup section */
		080E96DDFE201D6D7F000001 /* Classes */ = {
			isa = PBXGroup;
			children = (
				91FB259F0FE1498600575950 /* TipViewController.h */,
				91FB25A00FE1498600575950 /* TipViewController.m */,
				1D3623240D0F684500981E51 /* JustBreatheNewAppDelegate.h */,
				1D3623250D0F684500981E51 /* JustBreatheNewAppDelegate.m */,
				91281F840FDECB8B00D06F09 /* JustBreatheViewController.h */,
				91281F850FDECB8B00D06F09 /* JustBreatheViewController.m */,
			);
			path = Classes;
			sourceTree = "<group>";
		};
		19C28FACFE9D520D11CA2CBB /* Products */ = {
			isa = PBXGroup;
			children = (
				1D6058910D05DD3D006BFB54 /* JustBreatheNew.app */,
			);
			name = Products;
			sourceTree = "<group>";
		};
		29B97314FDCFA39411CA2CEA /* CustomTemplate */ = {
			isa = PBXGroup;
			children = (
				080E96DDFE201D6D7F000001 /* Classes */,
				29B97315FDCFA39411CA2CEA /* Other Sources */,
				29B97317FDCFA39411CA2CEA /* Resources */,
				29B97323FDCFA39411CA2CEA /* Frameworks */,
				19C28FACFE9D520D11CA2CBB /* Products */,
			);
			name = CustomTemplate;
			sourceTree = "<group>";
		};
		29B97315FDCFA39411CA2CEA /* Other Sources */ = {
			isa = PBXGroup;
			children = (
				32CA4F630368D1EE00C91783 /* JustBreatheNew_Prefix.pch */,
				29B97316FDCFA39411CA2CEA /* main.m */,
			);
			name = "Other Sources";
			sourceTree = "<group>";
		};
		29B97317FDCFA39411CA2CEA /* Resources */ = {
			isa = PBXGroup;
			children = (
				91FB26190FE14D6200575950 /* stats.plist */,
				91FB25A40FE149A900575950 /* JustBreatheViewController.xib */,
				91FB25A20FE1499800575950 /* TipView.xib */,
				91281F8D0FDECC4100D06F09 /* images */,
				91281F8B0FDECC3200D06F09 /* BreatheView.xib */,
				28AD733E0D9D9553002E5188 /* MainWindow.xib */,
				8D1107310486CEB800E47090 /* Info.plist */,
			);
			name = Resources;
			sourceTree = "<group>";
		};
		29B97323FDCFA39411CA2CEA /* Frameworks */ = {
			isa = PBXGroup;
			children = (
				1DF5F4DF0D08C38300B7A737 /* UIKit.framework */,
				1D30AB110D05D00D00671497 /* Foundation.framework */,
				288765FC0DF74451002DB57D /* CoreGraphics.framework */,
			);
			name = Frameworks;
			sourceTree = "<group>";
		};
		91281F8D0FDECC4100D06F09 /* images */ = {
			isa = PBXGroup;
			children = (
				91EF497E0FE7D67300F8D6CD /* icon.png */,
				912E75B80FE6ED0E00F22D46 /* breathe_background_with_frame2.jpg */,
				91FB261B0FE14D7000575950 /* tip_close.png */,
				91FB261C0FE14D7000575950 /* tip_dont_show.png */,
				91FB261D0FE14D7000575950 /* tip_view_bar.png */,
				91281F8E0FDECC4F00D06F09 /* breathe_background_plain.jpg */,
				91281F8F0FDECC4F00D06F09 /* breathe_background_step1.png */,
				91281F900FDECC4F00D06F09 /* breathe_background_step1.jpg */,
				91281F910FDECC4F00D06F09 /* breathe_background_step2.jpg */,
				91281F920FDECC4F00D06F09 /* breathe_background_step3.jpg */,
				91281F930FDECC4F00D06F09 /* breathe_background_step4.jpg */,
				91281F940FDECC4F00D06F09 /* breathe_background_step5.jpg */,
				91281F950FDECC4F00D06F09 /* breathe_background_step6.jpg */,
				91281F960FDECC4F00D06F09 /* breathe_background_step7.jpg */,
				91281F970FDECC4F00D06F09 /* breathe_background_step8.jpg */,
				91281F980FDECC4F00D06F09 /* breathe_background_step9.jpg */,
				91281F990FDECC4F00D06F09 /* breathe_background_step10.jpg */,
				91281F9A0FDECC4F00D06F09 /* breathe_background_step11.jpg */,
				91281F9B0FDECC4F00D06F09 /* breathe_background_step12.jpg */,
				91281F9C0FDECC4F00D06F09 /* breathe_background_step13.jpg */,
				91281F9D0FDECC4F00D06F09 /* breathe_background_step14.jpg */,
				91281F9E0FDECC4F00D06F09 /* breathe_background_step15.jpg */,
				91281F9F0FDECC4F00D06F09 /* breathe_background_step16.jpg */,
				91281FA00FDECC4F00D06F09 /* breathe_background_step17.jpg */,
				91281FA10FDECC4F00D06F09 /* breathe_background_step18.jpg */,
				91281FA20FDECC4F00D06F09 /* breathe_background_step19.jpg */,
			);
			name = images;
			sourceTree = "<group>";
		};
/* End PBXGroup section */

/* Begin PBXNativeTarget section */
		1D6058900D05DD3D006BFB54 /* JustBreatheNew */ = {
			isa = PBXNativeTarget;
			buildConfigurationList = 1D6058960D05DD3E006BFB54 /* Build configuration list for PBXNativeTarget "JustBreatheNew" */;
			buildPhases = (
				1D60588D0D05DD3D006BFB54 /* Resources */,
				1D60588E0D05DD3D006BFB54 /* Sources */,
				1D60588F0D05DD3D006BFB54 /* Frameworks */,
			);
			buildRules = (
			);
			dependencies = (
			);
			name = JustBreatheNew;
			productName = JustBreatheNew;
			productReference = 1D6058910D05DD3D006BFB54 /* JustBreatheNew.app */;
			productType = "com.apple.product-type.application";
		};
/* End PBXNativeTarget section */

/* Begin PBXProject section */
		29B97313FDCFA39411CA2CEA /* Project object */ = {
			isa = PBXProject;
			buildConfigurationList = C01FCF4E08A954540054247B /* Build configuration list for PBXProject "JustBreatheNew" */;
			compatibilityVersion = "Xcode 3.1";
			hasScannedForEncodings = 1;
			mainGroup = 29B97314FDCFA39411CA2CEA /* CustomTemplate */;
			projectDirPath = "";
			projectRoot = "";
			targets = (
				1D6058900D05DD3D006BFB54 /* JustBreatheNew */,
			);
		};
/* End PBXProject section */

/* Begin PBXResourcesBuildPhase section */
		1D60588D0D05DD3D006BFB54 /* Resources */ = {
			isa = PBXResourcesBuildPhase;
			buildActionMask = 2147483647;
			files = (
				28AD733F0D9D9553002E5188 /* MainWindow.xib in Resources */,
				91281F8C0FDECC3200D06F09 /* BreatheView.xib in Resources */,
				91281FA30FDECC4F00D06F09 /* breathe_background_plain.jpg in Resources */,
				91281FA40FDECC4F00D06F09 /* breathe_background_step1.png in Resources */,
				91281FA50FDECC4F00D06F09 /* breathe_background_step1.jpg in Resources */,
				91281FA60FDECC4F00D06F09 /* breathe_background_step2.jpg in Resources */,
				91281FA70FDECC4F00D06F09 /* breathe_background_step3.jpg in Resources */,
				91281FA80FDECC4F00D06F09 /* breathe_background_step4.jpg in Resources */,
				91281FA90FDECC4F00D06F09 /* breathe_background_step5.jpg in Resources */,
				91281FAA0FDECC4F00D06F09 /* breathe_background_step6.jpg in Resources */,
				91281FAB0FDECC4F00D06F09 /* breathe_background_step7.jpg in Resources */,
				91281FAC0FDECC4F00D06F09 /* breathe_background_step8.jpg in Resources */,
				91281FAD0FDECC4F00D06F09 /* breathe_background_step9.jpg in Resources */,
				91281FAE0FDECC4F00D06F09 /* breathe_background_step10.jpg in Resources */,
				91281FAF0FDECC4F00D06F09 /* breathe_background_step11.jpg in Resources */,
				91281FB00FDECC4F00D06F09 /* breathe_background_step12.jpg in Resources */,
				91281FB10FDECC4F00D06F09 /* breathe_background_step13.jpg in Resources */,
				91281FB20FDECC4F00D06F09 /* breathe_background_step14.jpg in Resources */,
				91281FB30FDECC4F00D06F09 /* breathe_background_step15.jpg in Resources */,
				91281FB40FDECC4F00D06F09 /* breathe_background_step16.jpg in Resources */,
				91281FB50FDECC4F00D06F09 /* breathe_background_step17.jpg in Resources */,
				91281FB60FDECC4F00D06F09 /* breathe_background_step18.jpg in Resources */,
				91281FB70FDECC4F00D06F09 /* breathe_background_step19.jpg in Resources */,
				91FB25A30FE1499800575950 /* TipView.xib in Resources */,
				91FB25A50FE149A900575950 /* JustBreatheViewController.xib in Resources */,
				91FB261A0FE14D6200575950 /* stats.plist in Resources */,
				91FB261E0FE14D7000575950 /* tip_close.png in Resources */,
				91FB261F0FE14D7000575950 /* tip_dont_show.png in Resources */,
				91FB26200FE14D7000575950 /* tip_view_bar.png in Resources */,
				912E75B90FE6ED0E00F22D46 /* breathe_background_with_frame2.jpg in Resources */,
				91EF497F0FE7D67300F8D6CD /* icon.png in Resources */,
			);
			runOnlyForDeploymentPostprocessing = 0;
		};
/* End PBXResourcesBuildPhase section */

/* Begin PBXSourcesBuildPhase section */
		1D60588E0D05DD3D006BFB54 /* Sources */ = {
			isa = PBXSourcesBuildPhase;
			buildActionMask = 2147483647;
			files = (
				1D60589B0D05DD56006BFB54 /* main.m in Sources */,
				1D3623260D0F684500981E51 /* JustBreatheNewAppDelegate.m in Sources */,
				91281F860FDECB8B00D06F09 /* JustBreatheViewController.m in Sources */,
				91FB25A10FE1498600575950 /* TipViewController.m in Sources */,
			);
			runOnlyForDeploymentPostprocessing = 0;
		};
/* End PBXSourcesBuildPhase section */

/* Begin XCBuildConfiguration section */
		1D6058940D05DD3E006BFB54 /* Debug */ = {
			isa = XCBuildConfiguration;
			buildSettings = {
				ALWAYS_SEARCH_USER_PATHS = NO;
				COPY_PHASE_STRIP = NO;
				GCC_DYNAMIC_NO_PIC = NO;
				GCC_OPTIMIZATION_LEVEL = 0;
				GCC_PRECOMPILE_PREFIX_HEADER = YES;
				GCC_PREFIX_HEADER = JustBreatheNew_Prefix.pch;
				INFOPLIST_FILE = Info.plist;
				PRODUCT_NAME = JustBreatheNew;
			};
			name = Debug;
		};
		1D6058950D05DD3E006BFB54 /* Release */ = {
			isa = XCBuildConfiguration;
			buildSettings = {
				ALWAYS_SEARCH_USER_PATHS = NO;
				COPY_PHASE_STRIP = YES;
				GCC_PRECOMPILE_PREFIX_HEADER = YES;
				GCC_PREFIX_HEADER = JustBreatheNew_Prefix.pch;
				INFOPLIST_FILE = Info.plist;
				PRODUCT_NAME = JustBreatheNew;
			};
			name = Release;
		};
		C01FCF4F08A954540054247B /* Debug */ = {
			isa = XCBuildConfiguration;
			buildSettings = {
				ARCHS = "$(ARCHS_STANDARD_32_BIT)";
				"CODE_SIGN_IDENTITY[sdk=iphoneos*]" = "iPhone Developer";
				GCC_C_LANGUAGE_STANDARD = c99;
				GCC_WARN_ABOUT_RETURN_TYPE = YES;
				GCC_WARN_UNUSED_VARIABLE = YES;
				ONLY_ACTIVE_ARCH = YES;
				PREBINDING = NO;
				SDKROOT = iphoneos2.2.1;
			};
			name = Debug;
		};
		C01FCF5008A954540054247B /* Release */ = {
			isa = XCBuildConfiguration;
			buildSettings = {
				ARCHS = "$(ARCHS_STANDARD_32_BIT)";
				"CODE_SIGN_IDENTITY[sdk=iphoneos*]" = "iPhone Developer";
				GCC_C_LANGUAGE_STANDARD = c99;
				GCC_WARN_ABOUT_RETURN_TYPE = YES;
				GCC_WARN_UNUSED_VARIABLE = YES;
				PREBINDING = NO;
				SDKROOT = iphoneos2.2.1;
			};
			name = Release;
		};
/* End XCBuildConfiguration section */

/* Begin XCConfigurationList section */
		1D6058960D05DD3E006BFB54 /* Build configuration list for PBXNativeTarget "JustBreatheNew" */ = {
			isa = XCConfigurationList;
			buildConfigurations = (
				1D6058940D05DD3E006BFB54 /* Debug */,
				1D6058950D05DD3E006BFB54 /* Release */,
			);
			defaultConfigurationIsVisible = 0;
			defaultConfigurationName = Release;
		};
		C01FCF4E08A954540054247B /* Build configuration list for PBXProject "JustBreatheNew" */ = {
			isa = XCConfigurationList;
			buildConfigurations = (
				C01FCF4F08A954540054247B /* Debug */,
				C01FCF5008A954540054247B /* Release */,
			);
			defaultConfigurationIsVisible = 0;
			defaultConfigurationName = Release;
		};
/* End XCConfigurationList section */
	};
	rootObject = 29B97313FDCFA39411CA2CEA /* Project object */;
}
